
Microsoft Visual Studio Solution File, Format Version 12.00
# Visual Studio 2013
VisualStudioVersion = 12.0.31101.0
MinimumVisualStudioVersion = 10.0.40219.1
Project("{2150E333-8FDC-42A3-9474-1A3956D46DE8}") = "[1] Library", "[1] Library", "{C42AED28-3075-47F4-B16A-2502C0CF14EB}"
EndProject
Project("{FAE04EC0-301F-11D3-BF4B-00C04F79EFBC}") = "Acrowire.Data", "Acrowire.Data\Acrowire.Data.csproj", "{204887A4-AE88-4EB5-B7E1-87B1F3D147EB}"
EndProject
Global
	GlobalSection(SolutionConfigurationPlatforms) = preSolution
		Debug|Any CPU = Debug|Any CPU
		Release|Any CPU = Release|Any CPU
	EndGlobalSection
	GlobalSection(ProjectConfigurationPlatforms) = postSolution
		{204887A4-AE88-4EB5-B7E1-87B1F3D147EB}.Debug|Any CPU.ActiveCfg = Debug|Any CPU
		{204887A4-AE88-4EB5-B7E1-87B1F3D147EB}.Debug|Any CPU.Build.0 = Debug|Any CPU
		{204887A4-AE88-4EB5-B7E1-87B1F3D147EB}.Release|Any CPU.ActiveCfg = Release|Any CPU
		{204887A4-AE88-4EB5-B7E1-87B1F3D147EB}.Release|Any CPU.Build.0 = Release|Any CPU
	EndGlobalSection
	GlobalSection(SolutionProperties) = preSolution
		HideSolutionNode = FALSE
	EndGlobalSection
	GlobalSection(NestedProjects) = preSolution
		{204887A4-AE88-4EB5-B7E1-87B1F3D147EB} = {C42AED28-3075-47F4-B16A-2502C0CF14EB}
	EndGlobalSection
EndGlobal
